{
  "name": "noxaeapi-sdk-test",
  "version": "1.0.0",
  "lockfileVersion": 3,
  "requires": true,
  "packages": {
    "": {
      "name": "noxaeapi-sdk-test",
      "version": "1.0.0",
      "dependencies": {
        "@wumx-labs/noxaeapi-sdk": "latest",
        "dotenv": "^16.4.5"
      }
    },
    "node_modules/@wumx-labs/noxaeapi-sdk": {
      "version": "0.1.0",
      "resolved": "https://registry.npmjs.org/@wumx-labs/noxaeapi-sdk/-/noxaeapi-sdk-0.1.0.tgz",
      "integrity": "sha512-GCl+LAEnMtzdu7LbHqCtVd2kScb09J1/suLXSVwgZqxxVv/NKGCBKnAWVnBA22ZOBtvXHV/8KhtKViLIGKZnNw==",
      "license": "MIT",
      "engines": {
        "node": ">=18"
      }
    },
    "node_modules/dotenv": {
      "version": "16.6.1",
      "resolved": "https://registry.npmjs.org/dotenv/-/dotenv-16.6.1.tgz",
      "integrity": "sha512-uBq4egWHTcTt33a72vpSG0z3HnPuIl6NqYcTrKEg2azoEyl2hpW0zqlxysq2pK9HlDIHyHyakeYaYnSAwd8bow==",
      "license": "BSD-2-Clause",
      "engines": {
        "node": ">=12"
      },
      "funding": {
        "url": "https://dotenvx.com"
      }
    }
  }
}
